
Microsoft Visual Studio Solution File, Format Version 12.00
# Visual Studio 15
VisualStudioVersion = 15.0.28307.329
MinimumVisualStudioVersion = 10.0.40219.1
Project("{FAE04EC0-301F-11D3-BF4B-00C04F79EFBC}") = "26_Shape_Detection_using_Contours", "26_Shape_Detection_suin_Contours\26_Shape_Detection_using_Contours.csproj", "{BEAF9164-7FFB-4A10-8C99-DE5183291681}"
EndProject
Global
	GlobalSection(SolutionConfigurationPlatforms) = preSolution
		Debug|Any CPU = Debug|Any CPU
		Release|Any CPU = Release|Any CPU
	EndGlobalSection
	GlobalSection(ProjectConfigurationPlatforms) = postSolution
		{BEAF9164-7FFB-4A10-8C99-DE5183291681}.Debug|Any CPU.ActiveCfg = Debug|Any CPU
		{BEAF9164-7FFB-4A10-8C99-DE5183291681}.Debug|Any CPU.Build.0 = Debug|Any CPU
		{BEAF9164-7FFB-4A10-8C99-DE5183291681}.Release|Any CPU.ActiveCfg = Release|Any CPU
		{BEAF9164-7FFB-4A10-8C99-DE5183291681}.Release|Any CPU.Build.0 = Release|Any CPU
	EndGlobalSection
	GlobalSection(SolutionProperties) = preSolution
		HideSolutionNode = FALSE
	EndGlobalSection
	GlobalSection(ExtensibilityGlobals) = postSolution
		SolutionGuid = {BDF2604F-864B-4C1F-B4E4-65BB748EC909}
	EndGlobalSection
EndGlobal
